
Microsoft Visual Studio Solution File, Format Version 12.00
# Visual Studio Version 17
VisualStudioVersion = 17.9.34723.18
MinimumVisualStudioVersion = 10.0.40219.1
Project("{FAE04EC0-301F-11D3-BF4B-00C04F79EFBC}") = "1.CustomList", "hometask_generic-list\1.CustomList.csproj", "{E84C84D6-2000-49D4-8668-178E294AC7F4}"
EndProject
Project("{FAE04EC0-301F-11D3-BF4B-00C04F79EFBC}") = "2.Swap", "3.Swap\2.Swap.csproj", "{F3137798-7E4D-41CB-A3AB-C803960C605E}"
EndProject
Project("{FAE04EC0-301F-11D3-BF4B-00C04F79EFBC}") = "3.Group Management", "3.Group Management\3.Group Management.csproj", "{CA6A2447-19F7-4296-936E-D6F23BD99476}"
EndProject
Project("{FAE04EC0-301F-11D3-BF4B-00C04F79EFBC}") = "4.Course and Student Management", "Course and Student Management\4.Course and Student Management.csproj", "{81237174-9EB7-4FBE-BE99-5BDF496628DF}"
EndProject
Project("{FAE04EC0-301F-11D3-BF4B-00C04F79EFBC}") = "5.Shop Management", "5.Shop Management\5.Shop Management.csproj", "{1FB47704-912B-477E-8270-F706D23CCB21}"
EndProject
Global
	GlobalSection(SolutionConfigurationPlatforms) = preSolution
		Debug|Any CPU = Debug|Any CPU
		Release|Any CPU = Release|Any CPU
	EndGlobalSection
	GlobalSection(ProjectConfigurationPlatforms) = postSolution
		{E84C84D6-2000-49D4-8668-178E294AC7F4}.Debug|Any CPU.ActiveCfg = Debug|Any CPU
		{E84C84D6-2000-49D4-8668-178E294AC7F4}.Debug|Any CPU.Build.0 = Debug|Any CPU
		{E84C84D6-2000-49D4-8668-178E294AC7F4}.Release|Any CPU.ActiveCfg = Release|Any CPU
		{E84C84D6-2000-49D4-8668-178E294AC7F4}.Release|Any CPU.Build.0 = Release|Any CPU
		{F3137798-7E4D-41CB-A3AB-C803960C605E}.Debug|Any CPU.ActiveCfg = Debug|Any CPU
		{F3137798-7E4D-41CB-A3AB-C803960C605E}.Debug|Any CPU.Build.0 = Debug|Any CPU
		{F3137798-7E4D-41CB-A3AB-C803960C605E}.Release|Any CPU.ActiveCfg = Release|Any CPU
		{F3137798-7E4D-41CB-A3AB-C803960C605E}.Release|Any CPU.Build.0 = Release|Any CPU
		{CA6A2447-19F7-4296-936E-D6F23BD99476}.Debug|Any CPU.ActiveCfg = Debug|Any CPU
		{CA6A2447-19F7-4296-936E-D6F23BD99476}.Debug|Any CPU.Build.0 = Debug|Any CPU
		{CA6A2447-19F7-4296-936E-D6F23BD99476}.Release|Any CPU.ActiveCfg = Release|Any CPU
		{CA6A2447-19F7-4296-936E-D6F23BD99476}.Release|Any CPU.Build.0 = Release|Any CPU
		{81237174-9EB7-4FBE-BE99-5BDF496628DF}.Debug|Any CPU.ActiveCfg = Debug|Any CPU
		{81237174-9EB7-4FBE-BE99-5BDF496628DF}.Debug|Any CPU.Build.0 = Debug|Any CPU
		{81237174-9EB7-4FBE-BE99-5BDF496628DF}.Release|Any CPU.ActiveCfg = Release|Any CPU
		{81237174-9EB7-4FBE-BE99-5BDF496628DF}.Release|Any CPU.Build.0 = Release|Any CPU
		{1FB47704-912B-477E-8270-F706D23CCB21}.Debug|Any CPU.ActiveCfg = Debug|Any CPU
		{1FB47704-912B-477E-8270-F706D23CCB21}.Debug|Any CPU.Build.0 = Debug|Any CPU
		{1FB47704-912B-477E-8270-F706D23CCB21}.Release|Any CPU.ActiveCfg = Release|Any CPU
		{1FB47704-912B-477E-8270-F706D23CCB21}.Release|Any CPU.Build.0 = Release|Any CPU
	EndGlobalSection
	GlobalSection(SolutionProperties) = preSolution
		HideSolutionNode = FALSE
	EndGlobalSection
	GlobalSection(ExtensibilityGlobals) = postSolution
		SolutionGuid = {D3B47F99-9320-4160-A678-E6776A0DE25F}
	EndGlobalSection
EndGlobal
